// !$*UTF8*$!
{
	archiveVersion = 1;
	classes = {
	};
	objectVersion = 56;
	objects = {

/* Begin PBXBuildFile section */
		770D48EE29F71677004D1EC2 /* PublishedView.swift in Sources */ = {isa = PBXBuildFile; fileRef = 770D48ED29F71677004D1EC2 /* PublishedView.swift */; };
		770D48F029F71B02004D1EC2 /* CurrentValueSubject.swift in Sources */ = {isa = PBXBuildFile; fileRef = 770D48EF29F71B02004D1EC2 /* CurrentValueSubject.swift */; };
		770D48F229F72722004D1EC2 /* EmptyPublisher.swift in Sources */ = {isa = PBXBuildFile; fileRef = 770D48F129F72722004D1EC2 /* EmptyPublisher.swift */; };
		770D48F429F72F27004D1EC2 /* Future.swift in Sources */ = {isa = PBXBuildFile; fileRef = 770D48F329F72F27004D1EC2 /* Future.swift */; };
		771F0EFC29FB04C700D4D3CB /* PracticeCancelAndResume.swift in Sources */ = {isa = PBXBuildFile; fileRef = 771F0EFA29FB00BB00D4D3CB /* PracticeCancelAndResume.swift */; };
		771F0EFE29FB08DA00D4D3CB /* PracticeEmptyPublisher.swift in Sources */ = {isa = PBXBuildFile; fileRef = 771F0EFD29FB08DA00D4D3CB /* PracticeEmptyPublisher.swift */; };
		77E08D8029F32F27001A51FD /* CombineMasteryApp.swift in Sources */ = {isa = PBXBuildFile; fileRef = 77E08D7F29F32F27001A51FD /* CombineMasteryApp.swift */; };
		77E08D8229F32F27001A51FD /* ContentView.swift in Sources */ = {isa = PBXBuildFile; fileRef = 77E08D8129F32F27001A51FD /* ContentView.swift */; };
		77E08D8429F32F29001A51FD /* Assets.xcassets in Resources */ = {isa = PBXBuildFile; fileRef = 77E08D8329F32F29001A51FD /* Assets.xcassets */; };
		77E08D8729F32F29001A51FD /* Preview Assets.xcassets in Resources */ = {isa = PBXBuildFile; fileRef = 77E08D8629F32F29001A51FD /* Preview Assets.xcassets */; };
		77F399272A0AFD3A00D86CE6 /* AssociatedTypeAlias.swift in Sources */ = {isa = PBXBuildFile; fileRef = 77F399262A0AFD3A00D86CE6 /* AssociatedTypeAlias.swift */; };
		77F399292A0B070700D86CE6 /* JustViewModel.swift in Sources */ = {isa = PBXBuildFile; fileRef = 77F399282A0B070700D86CE6 /* JustViewModel.swift */; };
		77F3992B2A0B0AAE00D86CE6 /* TimerViewModel.swift in Sources */ = {isa = PBXBuildFile; fileRef = 77F3992A2A0B0AAE00D86CE6 /* TimerViewModel.swift */; };
		77F399312A0D9B4600D86CE6 /* SinkCompletionViewModel.swift in Sources */ = {isa = PBXBuildFile; fileRef = 77F399302A0D9B4600D86CE6 /* SinkCompletionViewModel.swift */; };
/* End PBXBuildFile section */

/* Begin PBXFileReference section */
		770D48ED29F71677004D1EC2 /* PublishedView.swift */ = {isa = PBXFileReference; lastKnownFileType = sourcecode.swift; path = PublishedView.swift; sourceTree = "<group>"; };
		770D48EF29F71B02004D1EC2 /* CurrentValueSubject.swift */ = {isa = PBXFileReference; lastKnownFileType = sourcecode.swift; path = CurrentValueSubject.swift; sourceTree = "<group>"; };
		770D48F129F72722004D1EC2 /* EmptyPublisher.swift */ = {isa = PBXFileReference; lastKnownFileType = sourcecode.swift; path = EmptyPublisher.swift; sourceTree = "<group>"; };
		770D48F329F72F27004D1EC2 /* Future.swift */ = {isa = PBXFileReference; lastKnownFileType = sourcecode.swift; path = Future.swift; sourceTree = "<group>"; };
		771F0EFA29FB00BB00D4D3CB /* PracticeCancelAndResume.swift */ = {isa = PBXFileReference; lastKnownFileType = sourcecode.swift; path = PracticeCancelAndResume.swift; sourceTree = "<group>"; };
		771F0EFD29FB08DA00D4D3CB /* PracticeEmptyPublisher.swift */ = {isa = PBXFileReference; lastKnownFileType = sourcecode.swift; path = PracticeEmptyPublisher.swift; sourceTree = "<group>"; };
		77E08D7C29F32F27001A51FD /* CombineMastery.app */ = {isa = PBXFileReference; explicitFileType = wrapper.application; includeInIndex = 0; path = CombineMastery.app; sourceTree = BUILT_PRODUCTS_DIR; };
		77E08D7F29F32F27001A51FD /* CombineMasteryApp.swift */ = {isa = PBXFileReference; lastKnownFileType = sourcecode.swift; path = CombineMasteryApp.swift; sourceTree = "<group>"; };
		77E08D8129F32F27001A51FD /* ContentView.swift */ = {isa = PBXFileReference; lastKnownFileType = sourcecode.swift; path = ContentView.swift; sourceTree = "<group>"; };
		77E08D8329F32F29001A51FD /* Assets.xcassets */ = {isa = PBXFileReference; lastKnownFileType = folder.assetcatalog; path = Assets.xcassets; sourceTree = "<group>"; };
		77E08D8629F32F29001A51FD /* Preview Assets.xcassets */ = {isa = PBXFileReference; lastKnownFileType = folder.assetcatalog; path = "Preview Assets.xcassets"; sourceTree = "<group>"; };
		77F399262A0AFD3A00D86CE6 /* AssociatedTypeAlias.swift */ = {isa = PBXFileReference; lastKnownFileType = sourcecode.swift; path = AssociatedTypeAlias.swift; sourceTree = "<group>"; };
		77F399282A0B070700D86CE6 /* JustViewModel.swift */ = {isa = PBXFileReference; lastKnownFileType = sourcecode.swift; path = JustViewModel.swift; sourceTree = "<group>"; };
		77F3992A2A0B0AAE00D86CE6 /* TimerViewModel.swift */ = {isa = PBXFileReference; lastKnownFileType = sourcecode.swift; path = TimerViewModel.swift; sourceTree = "<group>"; };
		77F399302A0D9B4600D86CE6 /* SinkCompletionViewModel.swift */ = {isa = PBXFileReference; lastKnownFileType = sourcecode.swift; path = SinkCompletionViewModel.swift; sourceTree = "<group>"; };
/* End PBXFileReference section */

/* Begin PBXFrameworksBuildPhase section */
		77E08D7929F32F27001A51FD /* Frameworks */ = {
			isa = PBXFrameworksBuildPhase;
			buildActionMask = 2147483647;
			files = (
			);
			runOnlyForDeploymentPostprocessing = 0;
		};
/* End PBXFrameworksBuildPhase section */

/* Begin PBXGroup section */
		77E08D7329F32F27001A51FD = {
			isa = PBXGroup;
			children = (
				77E08D7E29F32F27001A51FD /* CombineMastery */,
				77E08D7D29F32F27001A51FD /* Products */,
			);
			sourceTree = "<group>";
		};
		77E08D7D29F32F27001A51FD /* Products */ = {
			isa = PBXGroup;
			children = (
				77E08D7C29F32F27001A51FD /* CombineMastery.app */,
			);
			name = Products;
			sourceTree = "<group>";
		};
		77E08D7E29F32F27001A51FD /* CombineMastery */ = {
			isa = PBXGroup;
			children = (
				77F3992A2A0B0AAE00D86CE6 /* TimerViewModel.swift */,
				77F399282A0B070700D86CE6 /* JustViewModel.swift */,
				77E08D7F29F32F27001A51FD /* CombineMasteryApp.swift */,
				77E08D8129F32F27001A51FD /* ContentView.swift */,
				77E08D8329F32F29001A51FD /* Assets.xcassets */,
				77E08D8529F32F29001A51FD /* Preview Content */,
				770D48ED29F71677004D1EC2 /* PublishedView.swift */,
				770D48EF29F71B02004D1EC2 /* CurrentValueSubject.swift */,
				770D48F129F72722004D1EC2 /* EmptyPublisher.swift */,
				770D48F329F72F27004D1EC2 /* Future.swift */,
				771F0EFA29FB00BB00D4D3CB /* PracticeCancelAndResume.swift */,
				771F0EFD29FB08DA00D4D3CB /* PracticeEmptyPublisher.swift */,
				77F399262A0AFD3A00D86CE6 /* AssociatedTypeAlias.swift */,
				77F399302A0D9B4600D86CE6 /* SinkCompletionViewModel.swift */,
			);
			path = CombineMastery;
			sourceTree = "<group>";
		};
		77E08D8529F32F29001A51FD /* Preview Content */ = {
			isa = PBXGroup;
			children = (
				77E08D8629F32F29001A51FD /* Preview Assets.xcassets */,
			);
			path = "Preview Content";
			sourceTree = "<group>";
		};
/* End PBXGroup section */

/* Begin PBXNativeTarget section */
		77E08D7B29F32F27001A51FD /* CombineMastery */ = {
			isa = PBXNativeTarget;
			buildConfigurationList = 77E08D8A29F32F29001A51FD /* Build configuration list for PBXNativeTarget "CombineMastery" */;
			buildPhases = (
				77E08D7829F32F27001A51FD /* Sources */,
				77E08D7929F32F27001A51FD /* Frameworks */,
				77E08D7A29F32F27001A51FD /* Resources */,
			);
			buildRules = (
			);
			dependencies = (
			);
			name = CombineMastery;
			productName = CombineMastery;
			productReference = 77E08D7C29F32F27001A51FD /* CombineMastery.app */;
			productType = "com.apple.product-type.application";
		};
/* End PBXNativeTarget section */

/* Begin PBXProject section */
		77E08D7429F32F27001A51FD /* Project object */ = {
			isa = PBXProject;
			attributes = {
				BuildIndependentTargetsInParallel = 1;
				LastSwiftUpdateCheck = 1430;
				LastUpgradeCheck = 1430;
				TargetAttributes = {
					77E08D7B29F32F27001A51FD = {
						CreatedOnToolsVersion = 14.3;
					};
				};
			};
			buildConfigurationList = 77E08D7729F32F27001A51FD /* Build configuration list for PBXProject "CombineMastery" */;
			compatibilityVersion = "Xcode 14.0";
			developmentRegion = en;
			hasScannedForEncodings = 0;
			knownRegions = (
				en,
				Base,
			);
			mainGroup = 77E08D7329F32F27001A51FD;
			productRefGroup = 77E08D7D29F32F27001A51FD /* Products */;
			projectDirPath = "";
			projectRoot = "";
			targets = (
				77E08D7B29F32F27001A51FD /* CombineMastery */,
			);
		};
/* End PBXProject section */

/* Begin PBXResourcesBuildPhase section */
		77E08D7A29F32F27001A51FD /* Resources */ = {
			isa = PBXResourcesBuildPhase;
			buildActionMask = 2147483647;
			files = (
				77E08D8729F32F29001A51FD /* Preview Assets.xcassets in Resources */,
				77E08D8429F32F29001A51FD /* Assets.xcassets in Resources */,
			);
			runOnlyForDeploymentPostprocessing = 0;
		};
/* End PBXResourcesBuildPhase section */

/* Begin PBXSourcesBuildPhase section */
		77E08D7829F32F27001A51FD /* Sources */ = {
			isa = PBXSourcesBuildPhase;
			buildActionMask = 2147483647;
			files = (
				770D48F429F72F27004D1EC2 /* Future.swift in Sources */,
				770D48F229F72722004D1EC2 /* EmptyPublisher.swift in Sources */,
				77F399272A0AFD3A00D86CE6 /* AssociatedTypeAlias.swift in Sources */,
				77F399312A0D9B4600D86CE6 /* SinkCompletionViewModel.swift in Sources */,
				770D48F029F71B02004D1EC2 /* CurrentValueSubject.swift in Sources */,
				77E08D8229F32F27001A51FD /* ContentView.swift in Sources */,
				77E08D8029F32F27001A51FD /* CombineMasteryApp.swift in Sources */,
				77F399292A0B070700D86CE6 /* JustViewModel.swift in Sources */,
				770D48EE29F71677004D1EC2 /* PublishedView.swift in Sources */,
				77F3992B2A0B0AAE00D86CE6 /* TimerViewModel.swift in Sources */,
				771F0EFC29FB04C700D4D3CB /* PracticeCancelAndResume.swift in Sources */,
				771F0EFE29FB08DA00D4D3CB /* PracticeEmptyPublisher.swift in Sources */,
			);
			runOnlyForDeploymentPostprocessing = 0;
		};
/* End PBXSourcesBuildPhase section */

/* Begin XCBuildConfiguration section */
		77E08D8829F32F29001A51FD /* Debug */ = {
			isa = XCBuildConfiguration;
			buildSettings = {
				ALWAYS_SEARCH_USER_PATHS = NO;
				CLANG_ANALYZER_NONNULL = YES;
				CLANG_ANALYZER_NUMBER_OBJECT_CONVERSION = YES_AGGRESSIVE;
				CLANG_CXX_LANGUAGE_STANDARD = "gnu++20";
				CLANG_ENABLE_MODULES = YES;
				CLANG_ENABLE_OBJC_ARC = YES;
				CLANG_ENABLE_OBJC_WEAK = YES;
				CLANG_WARN_BLOCK_CAPTURE_AUTORELEASING = YES;
				CLANG_WARN_BOOL_CONVERSION = YES;
				CLANG_WARN_COMMA = YES;
				CLANG_WARN_CONSTANT_CONVERSION = YES;
				CLANG_WARN_DEPRECATED_OBJC_IMPLEMENTATIONS = YES;
				CLANG_WARN_DIRECT_OBJC_ISA_USAGE = YES_ERROR;
				CLANG_WARN_DOCUMENTATION_COMMENTS = YES;
				CLANG_WARN_EMPTY_BODY = YES;
				CLANG_WARN_ENUM_CONVERSION = YES;
				CLANG_WARN_INFINITE_RECURSION = YES;
				CLANG_WARN_INT_CONVERSION = YES;
				CLANG_WARN_NON_LITERAL_NULL_CONVERSION = YES;
				CLANG_WARN_OBJC_IMPLICIT_RETAIN_SELF = YES;
				CLANG_WARN_OBJC_LITERAL_CONVERSION = YES;
				CLANG_WARN_OBJC_ROOT_CLASS = YES_ERROR;
				CLANG_WARN_QUOTED_INCLUDE_IN_FRAMEWORK_HEADER = YES;
				CLANG_WARN_RANGE_LOOP_ANALYSIS = YES;
				CLANG_WARN_STRICT_PROTOTYPES = YES;
				CLANG_WARN_SUSPICIOUS_MOVE = YES;
				CLANG_WARN_UNGUARDED_AVAILABILITY = YES_AGGRESSIVE;
				CLANG_WARN_UNREACHABLE_CODE = YES;
				CLANG_WARN__DUPLICATE_METHOD_MATCH = YES;
				COPY_PHASE_STRIP = NO;
				DEBUG_INFORMATION_FORMAT = dwarf;
				ENABLE_STRICT_OBJC_MSGSEND = YES;
				ENABLE_TESTABILITY = YES;
				GCC_C_LANGUAGE_STANDARD = gnu11;
				GCC_DYNAMIC_NO_PIC = NO;
				GCC_NO_COMMON_BLOCKS = YES;
				GCC_OPTIMIZATION_LEVEL = 0;
				GCC_PREPROCESSOR_DEFINITIONS = (
					"DEBUG=1",
					"$(inherited)",
				);
				GCC_WARN_64_TO_32_BIT_CONVERSION = YES;
				GCC_WARN_ABOUT_RETURN_TYPE = YES_ERROR;
				GCC_WARN_UNDECLARED_SELECTOR = YES;
				GCC_WARN_UNINITIALIZED_AUTOS = YES_AGGRESSIVE;
				GCC_WARN_UNUSED_FUNCTION = YES;
				GCC_WARN_UNUSED_VARIABLE = YES;
				IPHONEOS_DEPLOYMENT_TARGET = 16.4;
				MTL_ENABLE_DEBUG_INFO = INCLUDE_SOURCE;
				MTL_FAST_MATH = YES;
				ONLY_ACTIVE_ARCH = YES;
				SDKROOT = iphoneos;
				SWIFT_ACTIVE_COMPILATION_CONDITIONS = DEBUG;
				SWIFT_OPTIMIZATION_LEVEL = "-Onone";
			};
			name = Debug;
		};
		77E08D8929F32F29001A51FD /* Release */ = {
			isa = XCBuildConfiguration;
			buildSettings = {
				ALWAYS_SEARCH_USER_PATHS = NO;
				CLANG_ANALYZER_NONNULL = YES;
				CLANG_ANALYZER_NUMBER_OBJECT_CONVERSION = YES_AGGRESSIVE;
				CLANG_CXX_LANGUAGE_STANDARD = "gnu++20";
				CLANG_ENABLE_MODULES = YES;
				CLANG_ENABLE_OBJC_ARC = YES;
				CLANG_ENABLE_OBJC_WEAK = YES;
				CLANG_WARN_BLOCK_CAPTURE_AUTORELEASING = YES;
				CLANG_WARN_BOOL_CONVERSION = YES;
				CLANG_WARN_COMMA = YES;
				CLANG_WARN_CONSTANT_CONVERSION = YES;
				CLANG_WARN_DEPRECATED_OBJC_IMPLEMENTATIONS = YES;
				CLANG_WARN_DIRECT_OBJC_ISA_USAGE = YES_ERROR;
				CLANG_WARN_DOCUMENTATION_COMMENTS = YES;
				CLANG_WARN_EMPTY_BODY = YES;
				CLANG_WARN_ENUM_CONVERSION = YES;
				CLANG_WARN_INFINITE_RECURSION = YES;
				CLANG_WARN_INT_CONVERSION = YES;
				CLANG_WARN_NON_LITERAL_NULL_CONVERSION = YES;
				CLANG_WARN_OBJC_IMPLICIT_RETAIN_SELF = YES;
				CLANG_WARN_OBJC_LITERAL_CONVERSION = YES;
				CLANG_WARN_OBJC_ROOT_CLASS = YES_ERROR;
				CLANG_WARN_QUOTED_INCLUDE_IN_FRAMEWORK_HEADER = YES;
				CLANG_WARN_RANGE_LOOP_ANALYSIS = YES;
				CLANG_WARN_STRICT_PROTOTYPES = YES;
				CLANG_WARN_SUSPICIOUS_MOVE = YES;
				CLANG_WARN_UNGUARDED_AVAILABILITY = YES_AGGRESSIVE;
				CLANG_WARN_UNREACHABLE_CODE = YES;
				CLANG_WARN__DUPLICATE_METHOD_MATCH = YES;
				COPY_PHASE_STRIP = NO;
				DEBUG_INFORMATION_FORMAT = "dwarf-with-dsym";
				ENABLE_NS_ASSERTIONS = NO;
				ENABLE_STRICT_OBJC_MSGSEND = YES;
				GCC_C_LANGUAGE_STANDARD = gnu11;
				GCC_NO_COMMON_BLOCKS = YES;
				GCC_WARN_64_TO_32_BIT_CONVERSION = YES;
				GCC_WARN_ABOUT_RETURN_TYPE = YES_ERROR;
				GCC_WARN_UNDECLARED_SELECTOR = YES;
				GCC_WARN_UNINITIALIZED_AUTOS = YES_AGGRESSIVE;
				GCC_WARN_UNUSED_FUNCTION = YES;
				GCC_WARN_UNUSED_VARIABLE = YES;
				IPHONEOS_DEPLOYMENT_TARGET = 16.4;
				MTL_ENABLE_DEBUG_INFO = NO;
				MTL_FAST_MATH = YES;
				SDKROOT = iphoneos;
				SWIFT_COMPILATION_MODE = wholemodule;
				SWIFT_OPTIMIZATION_LEVEL = "-O";
				VALIDATE_PRODUCT = YES;
			};
			name = Release;
		};
		77E08D8B29F32F29001A51FD /* Debug */ = {
			isa = XCBuildConfiguration;
			buildSettings = {
				ASSETCATALOG_COMPILER_APPICON_NAME = AppIcon;
				ASSETCATALOG_COMPILER_GLOBAL_ACCENT_COLOR_NAME = AccentColor;
				CODE_SIGN_STYLE = Automatic;
				CURRENT_PROJECT_VERSION = 1;
				DEVELOPMENT_ASSET_PATHS = "\"CombineMastery/Preview Content\"";
				DEVELOPMENT_TEAM = 3W3QAKTRFB;
				ENABLE_PREVIEWS = YES;
				GENERATE_INFOPLIST_FILE = YES;
				INFOPLIST_KEY_LSApplicationCategoryType = "public.app-category.utilities";
				INFOPLIST_KEY_UIApplicationSceneManifest_Generation = YES;
				INFOPLIST_KEY_UIApplicationSupportsIndirectInputEvents = YES;
				INFOPLIST_KEY_UILaunchScreen_Generation = YES;
				INFOPLIST_KEY_UISupportedInterfaceOrientations_iPad = "UIInterfaceOrientationPortrait UIInterfaceOrientationPortraitUpsideDown UIInterfaceOrientationLandscapeLeft UIInterfaceOrientationLandscapeRight";
				INFOPLIST_KEY_UISupportedInterfaceOrientations_iPhone = "UIInterfaceOrientationPortrait UIInterfaceOrientationLandscapeLeft UIInterfaceOrientationLandscapeRight";
				IPHONEOS_DEPLOYMENT_TARGET = 16.0;
				LD_RUNPATH_SEARCH_PATHS = (
					"$(inherited)",
					"@executable_path/Frameworks",
				);
				MARKETING_VERSION = 1.0;
				PRODUCT_BUNDLE_IDENTIFIER = kriagwastlund.CombineMastery;
				PRODUCT_NAME = "$(TARGET_NAME)";
				SWIFT_EMIT_LOC_STRINGS = YES;
				SWIFT_VERSION = 5.0;
				TARGETED_DEVICE_FAMILY = "1,2";
			};
			name = Debug;
		};
		77E08D8C29F32F29001A51FD /* Release */ = {
			isa = XCBuildConfiguration;
			buildSettings = {
				ASSETCATALOG_COMPILER_APPICON_NAME = AppIcon;
				ASSETCATALOG_COMPILER_GLOBAL_ACCENT_COLOR_NAME = AccentColor;
				CODE_SIGN_STYLE = Automatic;
				CURRENT_PROJECT_VERSION = 1;
				DEVELOPMENT_ASSET_PATHS = "\"CombineMastery/Preview Content\"";
				DEVELOPMENT_TEAM = 3W3QAKTRFB;
				ENABLE_PREVIEWS = YES;
				GENERATE_INFOPLIST_FILE = YES;
				INFOPLIST_KEY_LSApplicationCategoryType = "public.app-category.utilities";
				INFOPLIST_KEY_UIApplicationSceneManifest_Generation = YES;
				INFOPLIST_KEY_UIApplicationSupportsIndirectInputEvents = YES;
				INFOPLIST_KEY_UILaunchScreen_Generation = YES;
				INFOPLIST_KEY_UISupportedInterfaceOrientations_iPad = "UIInterfaceOrientationPortrait UIInterfaceOrientationPortraitUpsideDown UIInterfaceOrientationLandscapeLeft UIInterfaceOrientationLandscapeRight";
				INFOPLIST_KEY_UISupportedInterfaceOrientations_iPhone = "UIInterfaceOrientationPortrait UIInterfaceOrientationLandscapeLeft UIInterfaceOrientationLandscapeRight";
				IPHONEOS_DEPLOYMENT_TARGET = 16.0;
				LD_RUNPATH_SEARCH_PATHS = (
					"$(inherited)",
					"@executable_path/Frameworks",
				);
				MARKETING_VERSION = 1.0;
				PRODUCT_BUNDLE_IDENTIFIER = kriagwastlund.CombineMastery;
				PRODUCT_NAME = "$(TARGET_NAME)";
				SWIFT_EMIT_LOC_STRINGS = YES;
				SWIFT_VERSION = 5.0;
				TARGETED_DEVICE_FAMILY = "1,2";
			};
			name = Release;
		};
/* End XCBuildConfiguration section */

/* Begin XCConfigurationList section */
		77E08D7729F32F27001A51FD /* Build configuration list for PBXProject "CombineMastery" */ = {
			isa = XCConfigurationList;
			buildConfigurations = (
				77E08D8829F32F29001A51FD /* Debug */,
				77E08D8929F32F29001A51FD /* Release */,
			);
			defaultConfigurationIsVisible = 0;
			defaultConfigurationName = Release;
		};
		77E08D8A29F32F29001A51FD /* Build configuration list for PBXNativeTarget "CombineMastery" */ = {
			isa = XCConfigurationList;
			buildConfigurations = (
				77E08D8B29F32F29001A51FD /* Debug */,
				77E08D8C29F32F29001A51FD /* Release */,
			);
			defaultConfigurationIsVisible = 0;
			defaultConfigurationName = Release;
		};
/* End XCConfigurationList section */
	};
	rootObject = 77E08D7429F32F27001A51FD /* Project object */;
}
